// !$*UTF8*$!
{
	archiveVersion = 1;
	classes = {
	};
	objectVersion = 56;
	objects = {

/* Begin PBXBuildFile section */
		100000000000000000000001 /* main.swift in Sources */ = {isa = PBXBuildFile; fileRef = 100000000000000000000002 /* main.swift */; };
		FC7FF647CE14590185DB292D /* libPods-NativeCompile.a in Frameworks */ = {isa = PBXBuildFile; fileRef = 0E3053021DD96D2BD7E4752E /* libPods-NativeCompile.a */; };
/* End PBXBuildFile section */

/* Begin PBXFileReference section */
		0E3053021DD96D2BD7E4752E /* libPods-NativeCompile.a */ = {isa = PBXFileReference; explicitFileType = archive.ar; includeInIndex = 0; path = "libPods-NativeCompile.a"; sourceTree = BUILT_PRODUCTS_DIR; };
		100000000000000000000002 /* main.swift */ = {isa = PBXFileReference; lastKnownFileType = sourcecode.swift; path = main.swift; sourceTree = "<group>"; };
		100000000000000000000003 /* NativeCompile.app */ = {isa = PBXFileReference; explicitFileType = wrapper.application; includeInIndex = 0; path = NativeCompile.app; sourceTree = BUILT_PRODUCTS_DIR; };
		1C90B1E61A2655667C558176 /* Pods-NativeCompile.release.xcconfig */ = {isa = PBXFileReference; includeInIndex = 1; lastKnownFileType = text.xcconfig; name = "Pods-NativeCompile.release.xcconfig"; path = "Target Support Files/Pods-NativeCompile/Pods-NativeCompile.release.xcconfig"; sourceTree = "<group>"; };
		96097A706060BC3C938D157C /* Pods-NativeCompile.debug.xcconfig */ = {isa = PBXFileReference; includeInIndex = 1; lastKnownFileType = text.xcconfig; name = "Pods-NativeCompile.debug.xcconfig"; path = "Target Support Files/Pods-NativeCompile/Pods-NativeCompile.debug.xcconfig"; sourceTree = "<group>"; };
/* End PBXFileReference section */

/* Begin PBXFrameworksBuildPhase section */
		10000000000000000000000A /* Frameworks */ = {
			isa = PBXFrameworksBuildPhase;
			buildActionMask = 2147483647;
			files = (
				FC7FF647CE14590185DB292D /* libPods-NativeCompile.a in Frameworks */,
			);
			runOnlyForDeploymentPostprocessing = 0;
		};
/* End PBXFrameworksBuildPhase section */

/* Begin PBXGroup section */
		100000000000000000000004 = {
			isa = PBXGroup;
			children = (
				100000000000000000000005 /* NativeCompile */,
				100000000000000000000006 /* Products */,
				D61492A19FAF8AE37C8D0421 /* Pods */,
				C9D2885F1E1268632EB331AA /* Frameworks */,
			);
			sourceTree = "<group>";
		};
		100000000000000000000005 /* NativeCompile */ = {
			isa = PBXGroup;
			children = (
				100000000000000000000002 /* main.swift */,
			);
			path = NativeCompile;
			sourceTree = "<group>";
		};
		100000000000000000000006 /* Products */ = {
			isa = PBXGroup;
			children = (
				100000000000000000000003 /* NativeCompile.app */,
			);
			name = Products;
			sourceTree = "<group>";
		};
		C9D2885F1E1268632EB331AA /* Frameworks */ = {
			isa = PBXGroup;
			children = (
				0E3053021DD96D2BD7E4752E /* libPods-NativeCompile.a */,
			);
			name = Frameworks;
			sourceTree = "<group>";
		};
		D61492A19FAF8AE37C8D0421 /* Pods */ = {
			isa = PBXGroup;
			children = (
				96097A706060BC3C938D157C /* Pods-NativeCompile.debug.xcconfig */,
				1C90B1E61A2655667C558176 /* Pods-NativeCompile.release.xcconfig */,
			);
			name = Pods;
			path = Pods;
			sourceTree = "<group>";
		};
/* End PBXGroup section */

/* Begin PBXNativeTarget section */
		100000000000000000000007 /* NativeCompile */ = {
			isa = PBXNativeTarget;
			buildConfigurationList = 100000000000000000000008 /* Build configuration list for PBXNativeTarget "NativeCompile" */;
			buildPhases = (
				81613FAB1BC7A4D6DE4361F4 /* [CP] Check Pods Manifest.lock */,
				100000000000000000000009 /* Sources */,
				10000000000000000000000A /* Frameworks */,
				10000000000000000000000B /* Resources */,
				0993DE28695F578B29495D8F /* [CP] Embed Pods Frameworks */,
				5A49562DD52DC6A0B05197F3 /* [CP] Copy Pods Resources */,
			);
			buildRules = (
			);
			dependencies = (
			);
			name = NativeCompile;
			productName = NativeCompile;
			productReference = 100000000000000000000003 /* NativeCompile.app */;
			productType = "com.apple.product-type.application";
		};
/* End PBXNativeTarget section */

/* Begin PBXProject section */
		10000000000000000000000C /* Project object */ = {
			isa = PBXProject;
			attributes = {
				BuildIndependentTargetsInParallel = 1;
				LastSwiftUpdateCheck = 1600;
				LastUpgradeCheck = 1600;
			};
			buildConfigurationList = 10000000000000000000000D /* Build configuration list for PBXProject "NativeCompile" */;
			compatibilityVersion = "Xcode 14.0";
			developmentRegion = en;
			hasScannedForEncodings = 0;
			knownRegions = (
				en,
				Base,
			);
			mainGroup = 100000000000000000000004;
			productRefGroup = 100000000000000000000006 /* Products */;
			projectDirPath = "";
			projectRoot = "";
			targets = (
				100000000000000000000007 /* NativeCompile */,
			);
		};
/* End PBXProject section */

/* Begin PBXResourcesBuildPhase section */
		10000000000000000000000B /* Resources */ = {
			isa = PBXResourcesBuildPhase;
			buildActionMask = 2147483647;
			files = (
			);
			runOnlyForDeploymentPostprocessing = 0;
		};
/* End PBXResourcesBuildPhase section */

/* Begin PBXShellScriptBuildPhase section */
		0993DE28695F578B29495D8F /* [CP] Embed Pods Frameworks */ = {
			isa = PBXShellScriptBuildPhase;
			buildActionMask = 2147483647;
			files = (
			);
			inputFileListPaths = (
				"${PODS_ROOT}/Target Support Files/Pods-NativeCompile/Pods-NativeCompile-frameworks-${CONFIGURATION}-input-files.xcfilelist",
			);
			name = "[CP] Embed Pods Frameworks";
			outputFileListPaths = (
				"${PODS_ROOT}/Target Support Files/Pods-NativeCompile/Pods-NativeCompile-frameworks-${CONFIGURATION}-output-files.xcfilelist",
			);
			runOnlyForDeploymentPostprocessing = 0;
			shellPath = /bin/sh;
			shellScript = "\"${PODS_ROOT}/Target Support Files/Pods-NativeCompile/Pods-NativeCompile-frameworks.sh\"\n";
			showEnvVarsInLog = 0;
		};
		5A49562DD52DC6A0B05197F3 /* [CP] Copy Pods Resources */ = {
			isa = PBXShellScriptBuildPhase;
			buildActionMask = 2147483647;
			files = (
			);
			inputFileListPaths = (
				"${PODS_ROOT}/Target Support Files/Pods-NativeCompile/Pods-NativeCompile-resources-${CONFIGURATION}-input-files.xcfilelist",
			);
			name = "[CP] Copy Pods Resources";
			outputFileListPaths = (
				"${PODS_ROOT}/Target Support Files/Pods-NativeCompile/Pods-NativeCompile-resources-${CONFIGURATION}-output-files.xcfilelist",
			);
			runOnlyForDeploymentPostprocessing = 0;
			shellPath = /bin/sh;
			shellScript = "\"${PODS_ROOT}/Target Support Files/Pods-NativeCompile/Pods-NativeCompile-resources.sh\"\n";
			showEnvVarsInLog = 0;
		};
		81613FAB1BC7A4D6DE4361F4 /* [CP] Check Pods Manifest.lock */ = {
			isa = PBXShellScriptBuildPhase;
			buildActionMask = 2147483647;
			files = (
			);
			inputFileListPaths = (
			);
			inputPaths = (
				"${PODS_PODFILE_DIR_PATH}/Podfile.lock",
				"${PODS_ROOT}/Manifest.lock",
			);
			name = "[CP] Check Pods Manifest.lock";
			outputFileListPaths = (
			);
			outputPaths = (
				"$(DERIVED_FILE_DIR)/Pods-NativeCompile-checkManifestLockResult.txt",
			);
			runOnlyForDeploymentPostprocessing = 0;
			shellPath = /bin/sh;
			shellScript = "diff \"${PODS_PODFILE_DIR_PATH}/Podfile.lock\" \"${PODS_ROOT}/Manifest.lock\" > /dev/null\nif [ $? != 0 ] ; then\n    # print error to STDERR\n    echo \"error: The sandbox is not in sync with the Podfile.lock. Run 'pod install' or update your CocoaPods installation.\" >&2\n    exit 1\nfi\n# This output is used by Xcode 'outputs' to avoid re-running this script phase.\necho \"SUCCESS\" > \"${SCRIPT_OUTPUT_FILE_0}\"\n";
			showEnvVarsInLog = 0;
		};
/* End PBXShellScriptBuildPhase section */

/* Begin PBXSourcesBuildPhase section */
		100000000000000000000009 /* Sources */ = {
			isa = PBXSourcesBuildPhase;
			buildActionMask = 2147483647;
			files = (
				100000000000000000000001 /* main.swift in Sources */,
			);
			runOnlyForDeploymentPostprocessing = 0;
		};
/* End PBXSourcesBuildPhase section */

/* Begin XCBuildConfiguration section */
		10000000000000000000000E /* Debug */ = {
			isa = XCBuildConfiguration;
			baseConfigurationReference = 96097A706060BC3C938D157C /* Pods-NativeCompile.debug.xcconfig */;
			buildSettings = {
				CODE_SIGN_STYLE = Automatic;
				GENERATE_INFOPLIST_FILE = NO;
				INFOPLIST_FILE = NativeCompile/Info.plist;
				IPHONEOS_DEPLOYMENT_TARGET = 15.1;
				PRODUCT_BUNDLE_IDENTIFIER = ad.simula.nativecompile;
				PRODUCT_NAME = "$(TARGET_NAME)";
				SDKROOT = iphoneos;
				SWIFT_VERSION = 5.0;
				TARGETED_DEVICE_FAMILY = "1,2";
			};
			name = Debug;
		};
		10000000000000000000000F /* Release */ = {
			isa = XCBuildConfiguration;
			baseConfigurationReference = 1C90B1E61A2655667C558176 /* Pods-NativeCompile.release.xcconfig */;
			buildSettings = {
				CODE_SIGN_STYLE = Automatic;
				GENERATE_INFOPLIST_FILE = NO;
				INFOPLIST_FILE = NativeCompile/Info.plist;
				IPHONEOS_DEPLOYMENT_TARGET = 15.1;
				PRODUCT_BUNDLE_IDENTIFIER = ad.simula.nativecompile;
				PRODUCT_NAME = "$(TARGET_NAME)";
				SDKROOT = iphoneos;
				SWIFT_VERSION = 5.0;
				TARGETED_DEVICE_FAMILY = "1,2";
			};
			name = Release;
		};
		100000000000000000000010 /* Debug */ = {
			isa = XCBuildConfiguration;
			buildSettings = {
				CLANG_ENABLE_MODULES = YES;
				IPHONEOS_DEPLOYMENT_TARGET = 15.1;
				SDKROOT = iphoneos;
			};
			name = Debug;
		};
		100000000000000000000011 /* Release */ = {
			isa = XCBuildConfiguration;
			buildSettings = {
				CLANG_ENABLE_MODULES = YES;
				IPHONEOS_DEPLOYMENT_TARGET = 15.1;
				SDKROOT = iphoneos;
			};
			name = Release;
		};
/* End XCBuildConfiguration section */

/* Begin XCConfigurationList section */
		100000000000000000000008 /* Build configuration list for PBXNativeTarget "NativeCompile" */ = {
			isa = XCConfigurationList;
			buildConfigurations = (
				10000000000000000000000E /* Debug */,
				10000000000000000000000F /* Release */,
			);
			defaultConfigurationIsVisible = 0;
			defaultConfigurationName = Release;
		};
		10000000000000000000000D /* Build configuration list for PBXProject "NativeCompile" */ = {
			isa = XCConfigurationList;
			buildConfigurations = (
				100000000000000000000010 /* Debug */,
				100000000000000000000011 /* Release */,
			);
			defaultConfigurationIsVisible = 0;
			defaultConfigurationName = Release;
		};
/* End XCConfigurationList section */
	};
	rootObject = 10000000000000000000000C /* Project object */;
}
